
Microsoft Visual Studio Solution File, Format Version 12.00
# Visual Studio Version 17
VisualStudioVersion = 17.6.33815.320
MinimumVisualStudioVersion = 10.0.40219.1
Project("{2150E333-8FDC-42A3-9474-1A3956D46DE8}") = "build", "build", "{6FCFF47D-F886-40C1-836A-DE3921FF1926}"
	ProjectSection(SolutionItems) = preProject
		build\Dependencies.props = build\Dependencies.props
	EndProjectSection
EndProject
Project("{2150E333-8FDC-42A3-9474-1A3956D46DE8}") = "docs", "docs", "{ECE7ECAA-49E9-483D-BCC9-D4D055C8860E}"
EndProject
Project("{2150E333-8FDC-42A3-9474-1A3956D46DE8}") = "src", "src", "{ECCC91A8-6C1D-41B7-8A58-D11C7534BF7B}"
EndProject
Project("{2150E333-8FDC-42A3-9474-1A3956D46DE8}") = "Sgr.Basiclibrary", "Sgr.Basiclibrary", "{DCB118B9-0060-46FD-9E6B-3772E384D059}"
EndProject
Project("{2150E333-8FDC-42A3-9474-1A3956D46DE8}") = "Tests", "Tests", "{F99F833F-BC49-4837-931D-1D02B66B4C84}"
EndProject
Project("{9A19103F-16F7-4668-BE54-9A1E7A4F7556}") = "Sgr.Core.Tests", "tests\Sgr.Core.Tests\Sgr.Core.Tests.csproj", "{D253040C-4B34-4900-B808-1C7FDAC9109E}"
EndProject
Project("{9A19103F-16F7-4668-BE54-9A1E7A4F7556}") = "Sgr.Core", "src\Basiclibrary\Sgr.Core\Sgr.Core.csproj", "{FC9FBE28-1D37-4E7A-9797-C32196625030}"
EndProject
Project("{9A19103F-16F7-4668-BE54-9A1E7A4F7556}") = "Sgr.Data.EntityFrameworkCore", "src\Basiclibrary\Sgr.Data.EntityFrameworkCore\Sgr.Data.EntityFrameworkCore.csproj", "{1E40D768-7EC3-434A-B24C-237A9C7DD17C}"
EndProject
Project("{2150E333-8FDC-42A3-9474-1A3956D46DE8}") = "Sgr.Modules", "Sgr.Modules", "{618CA8DC-4B18-4AFD-AA76-1AB00765886A}"
EndProject
Project("{9A19103F-16F7-4668-BE54-9A1E7A4F7556}") = "Sgr.Email", "src\Basiclibrary\Sgr.Email\Sgr.Email.csproj", "{7D3539D3-09B5-49CD-8ED2-28D51A85B600}"
EndProject
Project("{9A19103F-16F7-4668-BE54-9A1E7A4F7556}") = "Sgr.Mvc.Core", "src\Basiclibrary\Sgr.Mvc.Core\Sgr.Mvc.Core.csproj", "{DF9AE196-EF07-42FA-829C-4C83CA5B5D5D}"
EndProject
Project("{2150E333-8FDC-42A3-9474-1A3956D46DE8}") = "Apps", "Apps", "{ED753626-3B74-49BB-9D98-773EEA82A2E9}"
EndProject
Project("{9A19103F-16F7-4668-BE54-9A1E7A4F7556}") = "Sgr.Admin.WebHost", "src\Apps\Sgr.Admin.WebHost\Sgr.Admin.WebHost.csproj", "{898218AA-19D9-44BD-B827-C0E2F3DCD020}"
EndProject
Project("{9A19103F-16F7-4668-BE54-9A1E7A4F7556}") = "Sgr.Logging.NLog", "src\Basiclibrary\Sgr.Logging.NLog\Sgr.Logging.NLog.csproj", "{2E655CA8-16BF-4A26-AFDB-CC3C0BD78CBC}"
EndProject
Project("{2150E333-8FDC-42A3-9474-1A3956D46DE8}") = "work_logs", "work_logs", "{A4B5551C-FA0E-404D-A632-26CD2715C6E5}"
	ProjectSection(SolutionItems) = preProject
		docs\work_log\work_log_202307.md = docs\work_log\work_log_202307.md
		docs\work_log\work_log_202308.md = docs\work_log\work_log_202308.md
	EndProjectSection
EndProject
Project("{9A19103F-16F7-4668-BE54-9A1E7A4F7556}") = "Sgr.Admin.WebHost.Tests", "tests\Sgr.Admin.WebHost.Tests\Sgr.Admin.WebHost.Tests.csproj", "{5AFCBC76-7304-4304-B588-816B2EA0B65D}"
EndProject
Project("{2150E333-8FDC-42A3-9474-1A3956D46DE8}") = "database", "database", "{FAC86392-27B2-4A08-B49D-82BB92808A8F}"
	ProjectSection(SolutionItems) = preProject
		DataBase\mysql_sgr0815.sql = DataBase\mysql_sgr0815.sql
	EndProjectSection
EndProject
Project("{2150E333-8FDC-42A3-9474-1A3956D46DE8}") = "sgr.foundation", "sgr.foundation", "{342A372E-B6C9-488E-839B-A86C2B46C63D}"
	ProjectSection(SolutionItems) = preProject
		docs\sgr.foundation\domain.md = docs\sgr.foundation\domain.md
	EndProjectSection
EndProject
Project("{9A19103F-16F7-4668-BE54-9A1E7A4F7556}") = "Sgr.MediatR", "src\Basiclibrary\Sgr.MediatR\Sgr.MediatR.csproj", "{392CC326-561C-4070-9036-EC582BB23A56}"
EndProject
Project("{2150E333-8FDC-42A3-9474-1A3956D46DE8}") = "Sgr.Targets", "Sgr.Targets", "{EA539A94-EA80-4559-8A25-08C3449C9201}"
EndProject
Project("{2150E333-8FDC-42A3-9474-1A3956D46DE8}") = "Sgr.Modules.UPMS", "Sgr.Modules.UPMS", "{00CF3706-857D-4E55-A620-E9027072D2B0}"
EndProject
Project("{9A19103F-16F7-4668-BE54-9A1E7A4F7556}") = "Sgr.IntegrationEvents.Abstractions", "src\Basiclibrary\Sgr.IntegrationEvents.Abstractions\Sgr.IntegrationEvents.Abstractions.csproj", "{342B7A45-3E7A-4E6C-B032-AE261467FBD4}"
EndProject
Project("{9A19103F-16F7-4668-BE54-9A1E7A4F7556}") = "Sgr.IntegrationEvents", "src\Modules\Sgr.IntegrationEvents\Sgr.IntegrationEvents.csproj", "{3A3EC2BE-6BCD-4454-A8A9-15CB8840CD80}"
EndProject
Project("{9A19103F-16F7-4668-BE54-9A1E7A4F7556}") = "Sgr.Module.Targets", "src\Basiclibrary\Sgr.Module.Targets\Sgr.Module.Targets.csproj", "{54A76C23-A6DE-473D-80CB-829A2209B7BB}"
EndProject
Project("{9A19103F-16F7-4668-BE54-9A1E7A4F7556}") = "Sgr.AuditLogs", "src\Modules\Sgr.AuditLogs\Sgr.AuditLogs.csproj", "{CC48ED6E-43B0-4172-B192-EF3583A038D7}"
EndProject
Project("{9A19103F-16F7-4668-BE54-9A1E7A4F7556}") = "Sgr.DataCategories", "src\Modules\Sgr.DataCategories\Sgr.DataCategories.csproj", "{464C4937-BB3D-4D31-873D-4C15580C1424}"
EndProject
Project("{9A19103F-16F7-4668-BE54-9A1E7A4F7556}") = "Sgr.UPMS.API", "src\Modules\Sgr.UPMS.API\Sgr.UPMS.API.csproj", "{979C93DD-69B1-43B2-B4E0-90B106AEF5A0}"
EndProject
Project("{9A19103F-16F7-4668-BE54-9A1E7A4F7556}") = "Sgr.UPMS.Domain", "src\Modules\Sgr.UPMS.Domain\Sgr.UPMS.Domain.csproj", "{DA30FFBF-1A61-41A1-AA6F-5F97A2C2A62A}"
EndProject
Project("{9A19103F-16F7-4668-BE54-9A1E7A4F7556}") = "Sgr.UPMS.Infrastructure", "src\Modules\Sgr.UPMS.Infrastructure\Sgr.UPMS.Infrastructure.csproj", "{ACE3BE84-4C58-495D-AC0D-D6181DF5523A}"
EndProject
Project("{9A19103F-16F7-4668-BE54-9A1E7A4F7556}") = "Sgr.UPMS.Tests", "tests\Sgr.UPMS.Tests\Sgr.UPMS.Tests.csproj", "{A48371EA-D9AC-491A-81E4-5325BCD5548C}"
EndProject
Project("{9A19103F-16F7-4668-BE54-9A1E7A4F7556}") = "Sgr.Application.Targets", "src\Basiclibrary\Sgr.Application.Targets\Sgr.Application.Targets.csproj", "{25F24799-6E49-454A-B1FC-07FD45AD7463}"
EndProject
Project("{2150E333-8FDC-42A3-9474-1A3956D46DE8}") = "IntegrationEvents", "IntegrationEvents", "{652C53BB-881F-4FA1-B4D5-57D232164861}"
EndProject
Project("{9A19103F-16F7-4668-BE54-9A1E7A4F7556}") = "Sgr.Identity", "src\Modules\Sgr.Identity\Sgr.Identity.csproj", "{64AE0E4C-5949-430D-85F2-47900CFFBFF2}"
EndProject
Project("{2150E333-8FDC-42A3-9474-1A3956D46DE8}") = "Oss", "Oss", "{DBAC4DE1-3AAA-4DE8-A810-8E6AB9D230C5}"
EndProject
Project("{FAE04EC0-301F-11D3-BF4B-00C04F79EFBC}") = "Sgr.Attachments", "src\Modules\Sgr.Attachments\Sgr.Attachments.csproj", "{13E3114B-7711-4197-B2BB-9291FD6EEAE8}"
EndProject
Project("{9A19103F-16F7-4668-BE54-9A1E7A4F7556}") = "Sgr.Oss.Abstractions", "src\Basiclibrary\Sgr.Oss.Abstractions\Sgr.Oss.Abstractions.csproj", "{9AE255DB-C6DC-489A-9C06-BEE0EC0872B8}"
EndProject
Project("{9A19103F-16F7-4668-BE54-9A1E7A4F7556}") = "Sgr.Oss.LocalFileSystem", "src\Basiclibrary\Sgr.Oss.LocalFileSystem\Sgr.Oss.LocalFileSystem.csproj", "{C1E69290-233A-440E-8FB0-FC79E7FA26FC}"
EndProject
Project("{9A19103F-16F7-4668-BE54-9A1E7A4F7556}") = "Sgr.Oss.Tests", "tests\Sgr.Oss.Tests\Sgr.Oss.Tests.csproj", "{FB57D188-545D-41BC-AC40-248F814C27EE}"
EndProject
Project("{9A19103F-16F7-4668-BE54-9A1E7A4F7556}") = "Sgr.Identity.Core", "src\Basiclibrary\Sgr.Identity.Core\Sgr.Identity.Core.csproj", "{914A09EE-C9DA-48E2-A962-369ACAB67F3B}"
EndProject
Project("{2150E333-8FDC-42A3-9474-1A3956D46DE8}") = "BackGroundTasks", "BackGroundTasks", "{6B0BBFEC-4022-4751-95FB-F16B9CEBF179}"
EndProject
Project("{9A19103F-16F7-4668-BE54-9A1E7A4F7556}") = "Sgr.BackGroundTasks.Abstractions", "src\Basiclibrary\Sgr.BackGroundTasks.Abstractions\Sgr.BackGroundTasks.Abstractions.csproj", "{DC571E77-618F-455B-B94B-DB9D83B646C7}"
EndProject
Project("{9A19103F-16F7-4668-BE54-9A1E7A4F7556}") = "Sgr.BackGroundTasks.Core", "src\Basiclibrary\Sgr.BackGroundTasks.Core\Sgr.BackGroundTasks.Core.csproj", "{F6004785-5636-4DE7-AC82-590E5C2508FC}"
EndProject
Project("{9A19103F-16F7-4668-BE54-9A1E7A4F7556}") = "Sgr.BackGroundTasks.Quartz", "src\Basiclibrary\Sgr.BackGroundTasks.Quartz\Sgr.BackGroundTasks.Quartz.csproj", "{E685080C-9E4C-4F73-BC96-E4F0896A13F6}"
EndProject
Project("{FAE04EC0-301F-11D3-BF4B-00C04F79EFBC}") = "Sgr.BackGroundTasks.Tests", "tests\Sgr.BackGroundTasks.Tests\Sgr.BackGroundTasks.Tests.csproj", "{99D649AA-E0C4-4DBB-A1D1-AA96539B3841}"
EndProject
Global
	GlobalSection(SolutionConfigurationPlatforms) = preSolution
		Debug|Any CPU = Debug|Any CPU
		Release|Any CPU = Release|Any CPU
	EndGlobalSection
	GlobalSection(ProjectConfigurationPlatforms) = postSolution
		{D253040C-4B34-4900-B808-1C7FDAC9109E}.Debug|Any CPU.ActiveCfg = Debug|Any CPU
		{D253040C-4B34-4900-B808-1C7FDAC9109E}.Debug|Any CPU.Build.0 = Debug|Any CPU
		{D253040C-4B34-4900-B808-1C7FDAC9109E}.Release|Any CPU.ActiveCfg = Release|Any CPU
		{D253040C-4B34-4900-B808-1C7FDAC9109E}.Release|Any CPU.Build.0 = Release|Any CPU
		{FC9FBE28-1D37-4E7A-9797-C32196625030}.Debug|Any CPU.ActiveCfg = Debug|Any CPU
		{FC9FBE28-1D37-4E7A-9797-C32196625030}.Debug|Any CPU.Build.0 = Debug|Any CPU
		{FC9FBE28-1D37-4E7A-9797-C32196625030}.Release|Any CPU.ActiveCfg = Release|Any CPU
		{FC9FBE28-1D37-4E7A-9797-C32196625030}.Release|Any CPU.Build.0 = Release|Any CPU
		{1E40D768-7EC3-434A-B24C-237A9C7DD17C}.Debug|Any CPU.ActiveCfg = Debug|Any CPU
		{1E40D768-7EC3-434A-B24C-237A9C7DD17C}.Debug|Any CPU.Build.0 = Debug|Any CPU
		{1E40D768-7EC3-434A-B24C-237A9C7DD17C}.Release|Any CPU.ActiveCfg = Release|Any CPU
		{1E40D768-7EC3-434A-B24C-237A9C7DD17C}.Release|Any CPU.Build.0 = Release|Any CPU
		{7D3539D3-09B5-49CD-8ED2-28D51A85B600}.Debug|Any CPU.ActiveCfg = Debug|Any CPU
		{7D3539D3-09B5-49CD-8ED2-28D51A85B600}.Debug|Any CPU.Build.0 = Debug|Any CPU
		{7D3539D3-09B5-49CD-8ED2-28D51A85B600}.Release|Any CPU.ActiveCfg = Release|Any CPU
		{7D3539D3-09B5-49CD-8ED2-28D51A85B600}.Release|Any CPU.Build.0 = Release|Any CPU
		{DF9AE196-EF07-42FA-829C-4C83CA5B5D5D}.Debug|Any CPU.ActiveCfg = Debug|Any CPU
		{DF9AE196-EF07-42FA-829C-4C83CA5B5D5D}.Debug|Any CPU.Build.0 = Debug|Any CPU
		{DF9AE196-EF07-42FA-829C-4C83CA5B5D5D}.Release|Any CPU.ActiveCfg = Release|Any CPU
		{DF9AE196-EF07-42FA-829C-4C83CA5B5D5D}.Release|Any CPU.Build.0 = Release|Any CPU
		{898218AA-19D9-44BD-B827-C0E2F3DCD020}.Debug|Any CPU.ActiveCfg = Debug|Any CPU
		{898218AA-19D9-44BD-B827-C0E2F3DCD020}.Debug|Any CPU.Build.0 = Debug|Any CPU
		{898218AA-19D9-44BD-B827-C0E2F3DCD020}.Release|Any CPU.ActiveCfg = Release|Any CPU
		{898218AA-19D9-44BD-B827-C0E2F3DCD020}.Release|Any CPU.Build.0 = Release|Any CPU
		{2E655CA8-16BF-4A26-AFDB-CC3C0BD78CBC}.Debug|Any CPU.ActiveCfg = Debug|Any CPU
		{2E655CA8-16BF-4A26-AFDB-CC3C0BD78CBC}.Debug|Any CPU.Build.0 = Debug|Any CPU
		{2E655CA8-16BF-4A26-AFDB-CC3C0BD78CBC}.Release|Any CPU.ActiveCfg = Release|Any CPU
		{2E655CA8-16BF-4A26-AFDB-CC3C0BD78CBC}.Release|Any CPU.Build.0 = Release|Any CPU
		{5AFCBC76-7304-4304-B588-816B2EA0B65D}.Debug|Any CPU.ActiveCfg = Debug|Any CPU
		{5AFCBC76-7304-4304-B588-816B2EA0B65D}.Debug|Any CPU.Build.0 = Debug|Any CPU
		{5AFCBC76-7304-4304-B588-816B2EA0B65D}.Release|Any CPU.ActiveCfg = Release|Any CPU
		{5AFCBC76-7304-4304-B588-816B2EA0B65D}.Release|Any CPU.Build.0 = Release|Any CPU
		{392CC326-561C-4070-9036-EC582BB23A56}.Debug|Any CPU.ActiveCfg = Debug|Any CPU
		{392CC326-561C-4070-9036-EC582BB23A56}.Debug|Any CPU.Build.0 = Debug|Any CPU
		{392CC326-561C-4070-9036-EC582BB23A56}.Release|Any CPU.ActiveCfg = Release|Any CPU
		{392CC326-561C-4070-9036-EC582BB23A56}.Release|Any CPU.Build.0 = Release|Any CPU
		{342B7A45-3E7A-4E6C-B032-AE261467FBD4}.Debug|Any CPU.ActiveCfg = Debug|Any CPU
		{342B7A45-3E7A-4E6C-B032-AE261467FBD4}.Debug|Any CPU.Build.0 = Debug|Any CPU
		{342B7A45-3E7A-4E6C-B032-AE261467FBD4}.Release|Any CPU.ActiveCfg = Release|Any CPU
		{342B7A45-3E7A-4E6C-B032-AE261467FBD4}.Release|Any CPU.Build.0 = Release|Any CPU
		{3A3EC2BE-6BCD-4454-A8A9-15CB8840CD80}.Debug|Any CPU.ActiveCfg = Debug|Any CPU
		{3A3EC2BE-6BCD-4454-A8A9-15CB8840CD80}.Debug|Any CPU.Build.0 = Debug|Any CPU
		{3A3EC2BE-6BCD-4454-A8A9-15CB8840CD80}.Release|Any CPU.ActiveCfg = Release|Any CPU
		{3A3EC2BE-6BCD-4454-A8A9-15CB8840CD80}.Release|Any CPU.Build.0 = Release|Any CPU
		{54A76C23-A6DE-473D-80CB-829A2209B7BB}.Debug|Any CPU.ActiveCfg = Debug|Any CPU
		{54A76C23-A6DE-473D-80CB-829A2209B7BB}.Debug|Any CPU.Build.0 = Debug|Any CPU
		{54A76C23-A6DE-473D-80CB-829A2209B7BB}.Release|Any CPU.ActiveCfg = Release|Any CPU
		{54A76C23-A6DE-473D-80CB-829A2209B7BB}.Release|Any CPU.Build.0 = Release|Any CPU
		{CC48ED6E-43B0-4172-B192-EF3583A038D7}.Debug|Any CPU.ActiveCfg = Debug|Any CPU
		{CC48ED6E-43B0-4172-B192-EF3583A038D7}.Debug|Any CPU.Build.0 = Debug|Any CPU
		{CC48ED6E-43B0-4172-B192-EF3583A038D7}.Release|Any CPU.ActiveCfg = Release|Any CPU
		{CC48ED6E-43B0-4172-B192-EF3583A038D7}.Release|Any CPU.Build.0 = Release|Any CPU
		{464C4937-BB3D-4D31-873D-4C15580C1424}.Debug|Any CPU.ActiveCfg = Debug|Any CPU
		{464C4937-BB3D-4D31-873D-4C15580C1424}.Debug|Any CPU.Build.0 = Debug|Any CPU
		{464C4937-BB3D-4D31-873D-4C15580C1424}.Release|Any CPU.ActiveCfg = Release|Any CPU
		{464C4937-BB3D-4D31-873D-4C15580C1424}.Release|Any CPU.Build.0 = Release|Any CPU
		{979C93DD-69B1-43B2-B4E0-90B106AEF5A0}.Debug|Any CPU.ActiveCfg = Debug|Any CPU
		{979C93DD-69B1-43B2-B4E0-90B106AEF5A0}.Debug|Any CPU.Build.0 = Debug|Any CPU
		{979C93DD-69B1-43B2-B4E0-90B106AEF5A0}.Release|Any CPU.ActiveCfg = Release|Any CPU
		{979C93DD-69B1-43B2-B4E0-90B106AEF5A0}.Release|Any CPU.Build.0 = Release|Any CPU
		{DA30FFBF-1A61-41A1-AA6F-5F97A2C2A62A}.Debug|Any CPU.ActiveCfg = Debug|Any CPU
		{DA30FFBF-1A61-41A1-AA6F-5F97A2C2A62A}.Debug|Any CPU.Build.0 = Debug|Any CPU
		{DA30FFBF-1A61-41A1-AA6F-5F97A2C2A62A}.Release|Any CPU.ActiveCfg = Release|Any CPU
		{DA30FFBF-1A61-41A1-AA6F-5F97A2C2A62A}.Release|Any CPU.Build.0 = Release|Any CPU
		{ACE3BE84-4C58-495D-AC0D-D6181DF5523A}.Debug|Any CPU.ActiveCfg = Debug|Any CPU
		{ACE3BE84-4C58-495D-AC0D-D6181DF5523A}.Debug|Any CPU.Build.0 = Debug|Any CPU
		{ACE3BE84-4C58-495D-AC0D-D6181DF5523A}.Release|Any CPU.ActiveCfg = Release|Any CPU
		{ACE3BE84-4C58-495D-AC0D-D6181DF5523A}.Release|Any CPU.Build.0 = Release|Any CPU
		{A48371EA-D9AC-491A-81E4-5325BCD5548C}.Debug|Any CPU.ActiveCfg = Debug|Any CPU
		{A48371EA-D9AC-491A-81E4-5325BCD5548C}.Debug|Any CPU.Build.0 = Debug|Any CPU
		{A48371EA-D9AC-491A-81E4-5325BCD5548C}.Release|Any CPU.ActiveCfg = Release|Any CPU
		{A48371EA-D9AC-491A-81E4-5325BCD5548C}.Release|Any CPU.Build.0 = Release|Any CPU
		{25F24799-6E49-454A-B1FC-07FD45AD7463}.Debug|Any CPU.ActiveCfg = Debug|Any CPU
		{25F24799-6E49-454A-B1FC-07FD45AD7463}.Debug|Any CPU.Build.0 = Debug|Any CPU
		{25F24799-6E49-454A-B1FC-07FD45AD7463}.Release|Any CPU.ActiveCfg = Release|Any CPU
		{25F24799-6E49-454A-B1FC-07FD45AD7463}.Release|Any CPU.Build.0 = Release|Any CPU
		{64AE0E4C-5949-430D-85F2-47900CFFBFF2}.Debug|Any CPU.ActiveCfg = Debug|Any CPU
		{64AE0E4C-5949-430D-85F2-47900CFFBFF2}.Debug|Any CPU.Build.0 = Debug|Any CPU
		{64AE0E4C-5949-430D-85F2-47900CFFBFF2}.Release|Any CPU.ActiveCfg = Release|Any CPU
		{64AE0E4C-5949-430D-85F2-47900CFFBFF2}.Release|Any CPU.Build.0 = Release|Any CPU
		{13E3114B-7711-4197-B2BB-9291FD6EEAE8}.Debug|Any CPU.ActiveCfg = Debug|Any CPU
		{13E3114B-7711-4197-B2BB-9291FD6EEAE8}.Debug|Any CPU.Build.0 = Debug|Any CPU
		{13E3114B-7711-4197-B2BB-9291FD6EEAE8}.Release|Any CPU.ActiveCfg = Release|Any CPU
		{13E3114B-7711-4197-B2BB-9291FD6EEAE8}.Release|Any CPU.Build.0 = Release|Any CPU
		{9AE255DB-C6DC-489A-9C06-BEE0EC0872B8}.Debug|Any CPU.ActiveCfg = Debug|Any CPU
		{9AE255DB-C6DC-489A-9C06-BEE0EC0872B8}.Debug|Any CPU.Build.0 = Debug|Any CPU
		{9AE255DB-C6DC-489A-9C06-BEE0EC0872B8}.Release|Any CPU.ActiveCfg = Release|Any CPU
		{9AE255DB-C6DC-489A-9C06-BEE0EC0872B8}.Release|Any CPU.Build.0 = Release|Any CPU
		{C1E69290-233A-440E-8FB0-FC79E7FA26FC}.Debug|Any CPU.ActiveCfg = Debug|Any CPU
		{C1E69290-233A-440E-8FB0-FC79E7FA26FC}.Debug|Any CPU.Build.0 = Debug|Any CPU
		{C1E69290-233A-440E-8FB0-FC79E7FA26FC}.Release|Any CPU.ActiveCfg = Release|Any CPU
		{C1E69290-233A-440E-8FB0-FC79E7FA26FC}.Release|Any CPU.Build.0 = Release|Any CPU
		{FB57D188-545D-41BC-AC40-248F814C27EE}.Debug|Any CPU.ActiveCfg = Debug|Any CPU
		{FB57D188-545D-41BC-AC40-248F814C27EE}.Debug|Any CPU.Build.0 = Debug|Any CPU
		{FB57D188-545D-41BC-AC40-248F814C27EE}.Release|Any CPU.ActiveCfg = Release|Any CPU
		{FB57D188-545D-41BC-AC40-248F814C27EE}.Release|Any CPU.Build.0 = Release|Any CPU
		{914A09EE-C9DA-48E2-A962-369ACAB67F3B}.Debug|Any CPU.ActiveCfg = Debug|Any CPU
		{914A09EE-C9DA-48E2-A962-369ACAB67F3B}.Debug|Any CPU.Build.0 = Debug|Any CPU
		{914A09EE-C9DA-48E2-A962-369ACAB67F3B}.Release|Any CPU.ActiveCfg = Release|Any CPU
		{914A09EE-C9DA-48E2-A962-369ACAB67F3B}.Release|Any CPU.Build.0 = Release|Any CPU
		{DC571E77-618F-455B-B94B-DB9D83B646C7}.Debug|Any CPU.ActiveCfg = Debug|Any CPU
		{DC571E77-618F-455B-B94B-DB9D83B646C7}.Debug|Any CPU.Build.0 = Debug|Any CPU
		{DC571E77-618F-455B-B94B-DB9D83B646C7}.Release|Any CPU.ActiveCfg = Release|Any CPU
		{DC571E77-618F-455B-B94B-DB9D83B646C7}.Release|Any CPU.Build.0 = Release|Any CPU
		{F6004785-5636-4DE7-AC82-590E5C2508FC}.Debug|Any CPU.ActiveCfg = Debug|Any CPU
		{F6004785-5636-4DE7-AC82-590E5C2508FC}.Debug|Any CPU.Build.0 = Debug|Any CPU
		{F6004785-5636-4DE7-AC82-590E5C2508FC}.Release|Any CPU.ActiveCfg = Release|Any CPU
		{F6004785-5636-4DE7-AC82-590E5C2508FC}.Release|Any CPU.Build.0 = Release|Any CPU
		{E685080C-9E4C-4F73-BC96-E4F0896A13F6}.Debug|Any CPU.ActiveCfg = Debug|Any CPU
		{E685080C-9E4C-4F73-BC96-E4F0896A13F6}.Debug|Any CPU.Build.0 = Debug|Any CPU
		{E685080C-9E4C-4F73-BC96-E4F0896A13F6}.Release|Any CPU.ActiveCfg = Release|Any CPU
		{E685080C-9E4C-4F73-BC96-E4F0896A13F6}.Release|Any CPU.Build.0 = Release|Any CPU
		{99D649AA-E0C4-4DBB-A1D1-AA96539B3841}.Debug|Any CPU.ActiveCfg = Debug|Any CPU
		{99D649AA-E0C4-4DBB-A1D1-AA96539B3841}.Debug|Any CPU.Build.0 = Debug|Any CPU
		{99D649AA-E0C4-4DBB-A1D1-AA96539B3841}.Release|Any CPU.ActiveCfg = Release|Any CPU
		{99D649AA-E0C4-4DBB-A1D1-AA96539B3841}.Release|Any CPU.Build.0 = Release|Any CPU
	EndGlobalSection
	GlobalSection(SolutionProperties) = preSolution
		HideSolutionNode = FALSE
	EndGlobalSection
	GlobalSection(NestedProjects) = preSolution
		{DCB118B9-0060-46FD-9E6B-3772E384D059} = {ECCC91A8-6C1D-41B7-8A58-D11C7534BF7B}
		{D253040C-4B34-4900-B808-1C7FDAC9109E} = {F99F833F-BC49-4837-931D-1D02B66B4C84}
		{FC9FBE28-1D37-4E7A-9797-C32196625030} = {DCB118B9-0060-46FD-9E6B-3772E384D059}
		{1E40D768-7EC3-434A-B24C-237A9C7DD17C} = {DCB118B9-0060-46FD-9E6B-3772E384D059}
		{618CA8DC-4B18-4AFD-AA76-1AB00765886A} = {ECCC91A8-6C1D-41B7-8A58-D11C7534BF7B}
		{7D3539D3-09B5-49CD-8ED2-28D51A85B600} = {DCB118B9-0060-46FD-9E6B-3772E384D059}
		{DF9AE196-EF07-42FA-829C-4C83CA5B5D5D} = {DCB118B9-0060-46FD-9E6B-3772E384D059}
		{ED753626-3B74-49BB-9D98-773EEA82A2E9} = {ECCC91A8-6C1D-41B7-8A58-D11C7534BF7B}
		{898218AA-19D9-44BD-B827-C0E2F3DCD020} = {ED753626-3B74-49BB-9D98-773EEA82A2E9}
		{2E655CA8-16BF-4A26-AFDB-CC3C0BD78CBC} = {DCB118B9-0060-46FD-9E6B-3772E384D059}
		{A4B5551C-FA0E-404D-A632-26CD2715C6E5} = {ECE7ECAA-49E9-483D-BCC9-D4D055C8860E}
		{5AFCBC76-7304-4304-B588-816B2EA0B65D} = {F99F833F-BC49-4837-931D-1D02B66B4C84}
		{FAC86392-27B2-4A08-B49D-82BB92808A8F} = {ECE7ECAA-49E9-483D-BCC9-D4D055C8860E}
		{342A372E-B6C9-488E-839B-A86C2B46C63D} = {ECE7ECAA-49E9-483D-BCC9-D4D055C8860E}
		{392CC326-561C-4070-9036-EC582BB23A56} = {DCB118B9-0060-46FD-9E6B-3772E384D059}
		{EA539A94-EA80-4559-8A25-08C3449C9201} = {ECCC91A8-6C1D-41B7-8A58-D11C7534BF7B}
		{00CF3706-857D-4E55-A620-E9027072D2B0} = {ECCC91A8-6C1D-41B7-8A58-D11C7534BF7B}
		{342B7A45-3E7A-4E6C-B032-AE261467FBD4} = {652C53BB-881F-4FA1-B4D5-57D232164861}
		{3A3EC2BE-6BCD-4454-A8A9-15CB8840CD80} = {652C53BB-881F-4FA1-B4D5-57D232164861}
		{54A76C23-A6DE-473D-80CB-829A2209B7BB} = {EA539A94-EA80-4559-8A25-08C3449C9201}
		{CC48ED6E-43B0-4172-B192-EF3583A038D7} = {618CA8DC-4B18-4AFD-AA76-1AB00765886A}
		{464C4937-BB3D-4D31-873D-4C15580C1424} = {618CA8DC-4B18-4AFD-AA76-1AB00765886A}
		{979C93DD-69B1-43B2-B4E0-90B106AEF5A0} = {00CF3706-857D-4E55-A620-E9027072D2B0}
		{DA30FFBF-1A61-41A1-AA6F-5F97A2C2A62A} = {00CF3706-857D-4E55-A620-E9027072D2B0}
		{ACE3BE84-4C58-495D-AC0D-D6181DF5523A} = {00CF3706-857D-4E55-A620-E9027072D2B0}
		{A48371EA-D9AC-491A-81E4-5325BCD5548C} = {F99F833F-BC49-4837-931D-1D02B66B4C84}
		{25F24799-6E49-454A-B1FC-07FD45AD7463} = {EA539A94-EA80-4559-8A25-08C3449C9201}
		{652C53BB-881F-4FA1-B4D5-57D232164861} = {618CA8DC-4B18-4AFD-AA76-1AB00765886A}
		{64AE0E4C-5949-430D-85F2-47900CFFBFF2} = {618CA8DC-4B18-4AFD-AA76-1AB00765886A}
		{DBAC4DE1-3AAA-4DE8-A810-8E6AB9D230C5} = {618CA8DC-4B18-4AFD-AA76-1AB00765886A}
		{13E3114B-7711-4197-B2BB-9291FD6EEAE8} = {DBAC4DE1-3AAA-4DE8-A810-8E6AB9D230C5}
		{9AE255DB-C6DC-489A-9C06-BEE0EC0872B8} = {DBAC4DE1-3AAA-4DE8-A810-8E6AB9D230C5}
		{C1E69290-233A-440E-8FB0-FC79E7FA26FC} = {DBAC4DE1-3AAA-4DE8-A810-8E6AB9D230C5}
		{FB57D188-545D-41BC-AC40-248F814C27EE} = {F99F833F-BC49-4837-931D-1D02B66B4C84}
		{914A09EE-C9DA-48E2-A962-369ACAB67F3B} = {DCB118B9-0060-46FD-9E6B-3772E384D059}
		{6B0BBFEC-4022-4751-95FB-F16B9CEBF179} = {618CA8DC-4B18-4AFD-AA76-1AB00765886A}
		{DC571E77-618F-455B-B94B-DB9D83B646C7} = {6B0BBFEC-4022-4751-95FB-F16B9CEBF179}
		{F6004785-5636-4DE7-AC82-590E5C2508FC} = {6B0BBFEC-4022-4751-95FB-F16B9CEBF179}
		{E685080C-9E4C-4F73-BC96-E4F0896A13F6} = {6B0BBFEC-4022-4751-95FB-F16B9CEBF179}
		{99D649AA-E0C4-4DBB-A1D1-AA96539B3841} = {F99F833F-BC49-4837-931D-1D02B66B4C84}
	EndGlobalSection
	GlobalSection(ExtensibilityGlobals) = postSolution
		SolutionGuid = {F860D220-ECF0-4466-AA85-30D0B2FCD69D}
	EndGlobalSection
EndGlobal
